
Microsoft Visual Studio Solution File, Format Version 12.00
Project("{FAE04EC0-301F-11D3-BF4B-00C04F79EFBC}") = "Day01", "Day01\Day01.csproj", "{F021A7A1-C2AD-4F45-9C5F-A3694C647E70}"
EndProject
Project("{FAE04EC0-301F-11D3-BF4B-00C04F79EFBC}") = "Helpers", "Helpers\Helpers.csproj", "{1CE8CD7A-810C-410C-AF30-ED9B7AA10EEC}"
EndProject
Project("{FAE04EC0-301F-11D3-BF4B-00C04F79EFBC}") = "Day02", "Day02\Day02.csproj", "{330D6394-FF38-4898-B3A2-D3274EB6DE2E}"
EndProject
Project("{FAE04EC0-301F-11D3-BF4B-00C04F79EFBC}") = "Day03", "Day03\Day03.csproj", "{76719C46-B5D9-4CE3-9224-BDD3B078AB3D}"
EndProject
Project("{FAE04EC0-301F-11D3-BF4B-00C04F79EFBC}") = "Day04", "Day04\Day04.csproj", "{B02A6600-5327-4A6A-A427-094DA5D0FC56}"
EndProject
Project("{FAE04EC0-301F-11D3-BF4B-00C04F79EFBC}") = "Day05", "Day05\Day05.csproj", "{F35C4EB5-A689-4BE9-AA6F-6404A02A06F4}"
EndProject
Project("{FAE04EC0-301F-11D3-BF4B-00C04F79EFBC}") = "Day06", "Day06\Day06.csproj", "{14AA8E5D-DAE0-4740-94ED-094FA84C6DBC}"
EndProject
Project("{FAE04EC0-301F-11D3-BF4B-00C04F79EFBC}") = "Day07", "Day07\Day07.csproj", "{E5A1CB39-94EF-4EF0-885C-1FD11D04380C}"
EndProject
Project("{FAE04EC0-301F-11D3-BF4B-00C04F79EFBC}") = "Day08", "Day08\Day08.csproj", "{D2BF488E-728F-44FC-9A3A-B64DF66EC805}"
EndProject
Project("{FAE04EC0-301F-11D3-BF4B-00C04F79EFBC}") = "Day09", "Day09\Day09.csproj", "{988E90BF-C9F1-4D26-925E-ECA2542FC34E}"
EndProject
Project("{FAE04EC0-301F-11D3-BF4B-00C04F79EFBC}") = "Day10", "Day10\Day10.csproj", "{5C3AF75E-7261-4841-AED7-19367715EA5F}"
EndProject
Project("{FAE04EC0-301F-11D3-BF4B-00C04F79EFBC}") = "Day11", "Day11\Day11.csproj", "{C20AAB7E-A086-41DA-ADF7-EE6C5FEC68C2}"
EndProject
Project("{FAE04EC0-301F-11D3-BF4B-00C04F79EFBC}") = "Day12", "Day12\Day12.csproj", "{086FBAC9-9C15-422E-A4CD-30402BD6AC08}"
EndProject
Project("{FAE04EC0-301F-11D3-BF4B-00C04F79EFBC}") = "Day13", "Day13\Day13.csproj", "{EF5AEF66-F413-4733-A891-99B536BB6161}"
EndProject
Project("{FAE04EC0-301F-11D3-BF4B-00C04F79EFBC}") = "Day14", "Day14\Day14.csproj", "{F710C2FA-F99A-4C6F-BC66-A23EE17B4222}"
EndProject
Project("{FAE04EC0-301F-11D3-BF4B-00C04F79EFBC}") = "Day15", "Day15\Day15.csproj", "{6F6C0600-71EE-4D43-843D-3C18AA6D079C}"
EndProject
Project("{FAE04EC0-301F-11D3-BF4B-00C04F79EFBC}") = "Day16", "Day16\Day16.csproj", "{1F34D4C8-34A3-49BF-9F4B-943848032CC6}"
EndProject
Project("{FAE04EC0-301F-11D3-BF4B-00C04F79EFBC}") = "Day17", "Day17\Day17.csproj", "{FDC226D9-D9E2-4EA7-965B-4D1190120623}"
EndProject
Project("{FAE04EC0-301F-11D3-BF4B-00C04F79EFBC}") = "Day18", "Day18\Day18.csproj", "{FBD546BF-13F6-4AEE-A49F-6C7A8F23E888}"
EndProject
Project("{FAE04EC0-301F-11D3-BF4B-00C04F79EFBC}") = "Day19", "Day19\Day19.csproj", "{9CC26D07-9FC3-4C88-BF4C-D5B3DAD62A00}"
EndProject
Project("{FAE04EC0-301F-11D3-BF4B-00C04F79EFBC}") = "Day20", "Day20\Day20.csproj", "{54D5DFEB-97F0-4BB2-A754-C451959D4824}"
EndProject
Project("{FAE04EC0-301F-11D3-BF4B-00C04F79EFBC}") = "Day21", "Day21\Day21.csproj", "{1238D27B-8E37-4489-AD7C-53EB604E0ED7}"
EndProject
Project("{FAE04EC0-301F-11D3-BF4B-00C04F79EFBC}") = "Day22", "Day22\Day22.csproj", "{4B04A0DF-28E9-4744-B7A4-4C8D6B4D43D0}"
EndProject
Project("{FAE04EC0-301F-11D3-BF4B-00C04F79EFBC}") = "Day23", "Day23\Day23.csproj", "{1C23D309-9DAB-4D62-BF6A-3623AADD96B4}"
EndProject
Project("{FAE04EC0-301F-11D3-BF4B-00C04F79EFBC}") = "Day24", "Day24\Day24.csproj", "{DAAD6A8D-E65E-4185-9CC2-81812B57591F}"
EndProject
Project("{FAE04EC0-301F-11D3-BF4B-00C04F79EFBC}") = "Day25", "Day25\Day25.csproj", "{E77A1530-A03A-488F-AF47-66CA4A36494E}"
EndProject
Global
	GlobalSection(SolutionConfigurationPlatforms) = preSolution
		Debug|Any CPU = Debug|Any CPU
		Release|Any CPU = Release|Any CPU
	EndGlobalSection
	GlobalSection(ProjectConfigurationPlatforms) = postSolution
		{F021A7A1-C2AD-4F45-9C5F-A3694C647E70}.Debug|Any CPU.ActiveCfg = Debug|Any CPU
		{F021A7A1-C2AD-4F45-9C5F-A3694C647E70}.Debug|Any CPU.Build.0 = Debug|Any CPU
		{F021A7A1-C2AD-4F45-9C5F-A3694C647E70}.Release|Any CPU.ActiveCfg = Release|Any CPU
		{F021A7A1-C2AD-4F45-9C5F-A3694C647E70}.Release|Any CPU.Build.0 = Release|Any CPU
		{1CE8CD7A-810C-410C-AF30-ED9B7AA10EEC}.Debug|Any CPU.ActiveCfg = Debug|Any CPU
		{1CE8CD7A-810C-410C-AF30-ED9B7AA10EEC}.Debug|Any CPU.Build.0 = Debug|Any CPU
		{1CE8CD7A-810C-410C-AF30-ED9B7AA10EEC}.Release|Any CPU.ActiveCfg = Release|Any CPU
		{1CE8CD7A-810C-410C-AF30-ED9B7AA10EEC}.Release|Any CPU.Build.0 = Release|Any CPU
		{330D6394-FF38-4898-B3A2-D3274EB6DE2E}.Debug|Any CPU.ActiveCfg = Debug|Any CPU
		{330D6394-FF38-4898-B3A2-D3274EB6DE2E}.Debug|Any CPU.Build.0 = Debug|Any CPU
		{330D6394-FF38-4898-B3A2-D3274EB6DE2E}.Release|Any CPU.ActiveCfg = Release|Any CPU
		{330D6394-FF38-4898-B3A2-D3274EB6DE2E}.Release|Any CPU.Build.0 = Release|Any CPU
		{76719C46-B5D9-4CE3-9224-BDD3B078AB3D}.Debug|Any CPU.ActiveCfg = Debug|Any CPU
		{76719C46-B5D9-4CE3-9224-BDD3B078AB3D}.Debug|Any CPU.Build.0 = Debug|Any CPU
		{76719C46-B5D9-4CE3-9224-BDD3B078AB3D}.Release|Any CPU.ActiveCfg = Release|Any CPU
		{76719C46-B5D9-4CE3-9224-BDD3B078AB3D}.Release|Any CPU.Build.0 = Release|Any CPU
		{B02A6600-5327-4A6A-A427-094DA5D0FC56}.Debug|Any CPU.ActiveCfg = Debug|Any CPU
		{B02A6600-5327-4A6A-A427-094DA5D0FC56}.Debug|Any CPU.Build.0 = Debug|Any CPU
		{B02A6600-5327-4A6A-A427-094DA5D0FC56}.Release|Any CPU.ActiveCfg = Release|Any CPU
		{B02A6600-5327-4A6A-A427-094DA5D0FC56}.Release|Any CPU.Build.0 = Release|Any CPU
		{F35C4EB5-A689-4BE9-AA6F-6404A02A06F4}.Debug|Any CPU.ActiveCfg = Debug|Any CPU
		{F35C4EB5-A689-4BE9-AA6F-6404A02A06F4}.Debug|Any CPU.Build.0 = Debug|Any CPU
		{F35C4EB5-A689-4BE9-AA6F-6404A02A06F4}.Release|Any CPU.ActiveCfg = Release|Any CPU
		{F35C4EB5-A689-4BE9-AA6F-6404A02A06F4}.Release|Any CPU.Build.0 = Release|Any CPU
		{14AA8E5D-DAE0-4740-94ED-094FA84C6DBC}.Debug|Any CPU.ActiveCfg = Debug|Any CPU
		{14AA8E5D-DAE0-4740-94ED-094FA84C6DBC}.Debug|Any CPU.Build.0 = Debug|Any CPU
		{14AA8E5D-DAE0-4740-94ED-094FA84C6DBC}.Release|Any CPU.ActiveCfg = Release|Any CPU
		{14AA8E5D-DAE0-4740-94ED-094FA84C6DBC}.Release|Any CPU.Build.0 = Release|Any CPU
		{E5A1CB39-94EF-4EF0-885C-1FD11D04380C}.Debug|Any CPU.ActiveCfg = Debug|Any CPU
		{E5A1CB39-94EF-4EF0-885C-1FD11D04380C}.Debug|Any CPU.Build.0 = Debug|Any CPU
		{E5A1CB39-94EF-4EF0-885C-1FD11D04380C}.Release|Any CPU.ActiveCfg = Release|Any CPU
		{E5A1CB39-94EF-4EF0-885C-1FD11D04380C}.Release|Any CPU.Build.0 = Release|Any CPU
		{D2BF488E-728F-44FC-9A3A-B64DF66EC805}.Debug|Any CPU.ActiveCfg = Debug|Any CPU
		{D2BF488E-728F-44FC-9A3A-B64DF66EC805}.Debug|Any CPU.Build.0 = Debug|Any CPU
		{D2BF488E-728F-44FC-9A3A-B64DF66EC805}.Release|Any CPU.ActiveCfg = Release|Any CPU
		{D2BF488E-728F-44FC-9A3A-B64DF66EC805}.Release|Any CPU.Build.0 = Release|Any CPU
		{988E90BF-C9F1-4D26-925E-ECA2542FC34E}.Debug|Any CPU.ActiveCfg = Debug|Any CPU
		{988E90BF-C9F1-4D26-925E-ECA2542FC34E}.Debug|Any CPU.Build.0 = Debug|Any CPU
		{988E90BF-C9F1-4D26-925E-ECA2542FC34E}.Release|Any CPU.ActiveCfg = Release|Any CPU
		{988E90BF-C9F1-4D26-925E-ECA2542FC34E}.Release|Any CPU.Build.0 = Release|Any CPU
		{5C3AF75E-7261-4841-AED7-19367715EA5F}.Debug|Any CPU.ActiveCfg = Debug|Any CPU
		{5C3AF75E-7261-4841-AED7-19367715EA5F}.Debug|Any CPU.Build.0 = Debug|Any CPU
		{5C3AF75E-7261-4841-AED7-19367715EA5F}.Release|Any CPU.ActiveCfg = Release|Any CPU
		{5C3AF75E-7261-4841-AED7-19367715EA5F}.Release|Any CPU.Build.0 = Release|Any CPU
		{C20AAB7E-A086-41DA-ADF7-EE6C5FEC68C2}.Debug|Any CPU.ActiveCfg = Debug|Any CPU
		{C20AAB7E-A086-41DA-ADF7-EE6C5FEC68C2}.Debug|Any CPU.Build.0 = Debug|Any CPU
		{C20AAB7E-A086-41DA-ADF7-EE6C5FEC68C2}.Release|Any CPU.ActiveCfg = Release|Any CPU
		{C20AAB7E-A086-41DA-ADF7-EE6C5FEC68C2}.Release|Any CPU.Build.0 = Release|Any CPU
		{086FBAC9-9C15-422E-A4CD-30402BD6AC08}.Debug|Any CPU.ActiveCfg = Debug|Any CPU
		{086FBAC9-9C15-422E-A4CD-30402BD6AC08}.Debug|Any CPU.Build.0 = Debug|Any CPU
		{086FBAC9-9C15-422E-A4CD-30402BD6AC08}.Release|Any CPU.ActiveCfg = Release|Any CPU
		{086FBAC9-9C15-422E-A4CD-30402BD6AC08}.Release|Any CPU.Build.0 = Release|Any CPU
		{EF5AEF66-F413-4733-A891-99B536BB6161}.Debug|Any CPU.ActiveCfg = Debug|Any CPU
		{EF5AEF66-F413-4733-A891-99B536BB6161}.Debug|Any CPU.Build.0 = Debug|Any CPU
		{EF5AEF66-F413-4733-A891-99B536BB6161}.Release|Any CPU.ActiveCfg = Release|Any CPU
		{EF5AEF66-F413-4733-A891-99B536BB6161}.Release|Any CPU.Build.0 = Release|Any CPU
		{F710C2FA-F99A-4C6F-BC66-A23EE17B4222}.Debug|Any CPU.ActiveCfg = Debug|Any CPU
		{F710C2FA-F99A-4C6F-BC66-A23EE17B4222}.Debug|Any CPU.Build.0 = Debug|Any CPU
		{F710C2FA-F99A-4C6F-BC66-A23EE17B4222}.Release|Any CPU.ActiveCfg = Release|Any CPU
		{F710C2FA-F99A-4C6F-BC66-A23EE17B4222}.Release|Any CPU.Build.0 = Release|Any CPU
		{6F6C0600-71EE-4D43-843D-3C18AA6D079C}.Debug|Any CPU.ActiveCfg = Debug|Any CPU
		{6F6C0600-71EE-4D43-843D-3C18AA6D079C}.Debug|Any CPU.Build.0 = Debug|Any CPU
		{6F6C0600-71EE-4D43-843D-3C18AA6D079C}.Release|Any CPU.ActiveCfg = Release|Any CPU
		{6F6C0600-71EE-4D43-843D-3C18AA6D079C}.Release|Any CPU.Build.0 = Release|Any CPU
		{1F34D4C8-34A3-49BF-9F4B-943848032CC6}.Debug|Any CPU.ActiveCfg = Debug|Any CPU
		{1F34D4C8-34A3-49BF-9F4B-943848032CC6}.Debug|Any CPU.Build.0 = Debug|Any CPU
		{1F34D4C8-34A3-49BF-9F4B-943848032CC6}.Release|Any CPU.ActiveCfg = Release|Any CPU
		{1F34D4C8-34A3-49BF-9F4B-943848032CC6}.Release|Any CPU.Build.0 = Release|Any CPU
		{FDC226D9-D9E2-4EA7-965B-4D1190120623}.Debug|Any CPU.ActiveCfg = Debug|Any CPU
		{FDC226D9-D9E2-4EA7-965B-4D1190120623}.Debug|Any CPU.Build.0 = Debug|Any CPU
		{FDC226D9-D9E2-4EA7-965B-4D1190120623}.Release|Any CPU.ActiveCfg = Release|Any CPU
		{FDC226D9-D9E2-4EA7-965B-4D1190120623}.Release|Any CPU.Build.0 = Release|Any CPU
		{FBD546BF-13F6-4AEE-A49F-6C7A8F23E888}.Debug|Any CPU.ActiveCfg = Debug|Any CPU
		{FBD546BF-13F6-4AEE-A49F-6C7A8F23E888}.Debug|Any CPU.Build.0 = Debug|Any CPU
		{FBD546BF-13F6-4AEE-A49F-6C7A8F23E888}.Release|Any CPU.ActiveCfg = Release|Any CPU
		{FBD546BF-13F6-4AEE-A49F-6C7A8F23E888}.Release|Any CPU.Build.0 = Release|Any CPU
		{9CC26D07-9FC3-4C88-BF4C-D5B3DAD62A00}.Debug|Any CPU.ActiveCfg = Debug|Any CPU
		{9CC26D07-9FC3-4C88-BF4C-D5B3DAD62A00}.Debug|Any CPU.Build.0 = Debug|Any CPU
		{9CC26D07-9FC3-4C88-BF4C-D5B3DAD62A00}.Release|Any CPU.ActiveCfg = Release|Any CPU
		{9CC26D07-9FC3-4C88-BF4C-D5B3DAD62A00}.Release|Any CPU.Build.0 = Release|Any CPU
		{54D5DFEB-97F0-4BB2-A754-C451959D4824}.Debug|Any CPU.ActiveCfg = Debug|Any CPU
		{54D5DFEB-97F0-4BB2-A754-C451959D4824}.Debug|Any CPU.Build.0 = Debug|Any CPU
		{54D5DFEB-97F0-4BB2-A754-C451959D4824}.Release|Any CPU.ActiveCfg = Release|Any CPU
		{54D5DFEB-97F0-4BB2-A754-C451959D4824}.Release|Any CPU.Build.0 = Release|Any CPU
		{1238D27B-8E37-4489-AD7C-53EB604E0ED7}.Debug|Any CPU.ActiveCfg = Debug|Any CPU
		{1238D27B-8E37-4489-AD7C-53EB604E0ED7}.Debug|Any CPU.Build.0 = Debug|Any CPU
		{1238D27B-8E37-4489-AD7C-53EB604E0ED7}.Release|Any CPU.ActiveCfg = Release|Any CPU
		{1238D27B-8E37-4489-AD7C-53EB604E0ED7}.Release|Any CPU.Build.0 = Release|Any CPU
		{4B04A0DF-28E9-4744-B7A4-4C8D6B4D43D0}.Debug|Any CPU.ActiveCfg = Debug|Any CPU
		{4B04A0DF-28E9-4744-B7A4-4C8D6B4D43D0}.Debug|Any CPU.Build.0 = Debug|Any CPU
		{4B04A0DF-28E9-4744-B7A4-4C8D6B4D43D0}.Release|Any CPU.ActiveCfg = Release|Any CPU
		{4B04A0DF-28E9-4744-B7A4-4C8D6B4D43D0}.Release|Any CPU.Build.0 = Release|Any CPU
		{1C23D309-9DAB-4D62-BF6A-3623AADD96B4}.Debug|Any CPU.ActiveCfg = Debug|Any CPU
		{1C23D309-9DAB-4D62-BF6A-3623AADD96B4}.Debug|Any CPU.Build.0 = Debug|Any CPU
		{1C23D309-9DAB-4D62-BF6A-3623AADD96B4}.Release|Any CPU.ActiveCfg = Release|Any CPU
		{1C23D309-9DAB-4D62-BF6A-3623AADD96B4}.Release|Any CPU.Build.0 = Release|Any CPU
		{DAAD6A8D-E65E-4185-9CC2-81812B57591F}.Debug|Any CPU.ActiveCfg = Debug|Any CPU
		{DAAD6A8D-E65E-4185-9CC2-81812B57591F}.Debug|Any CPU.Build.0 = Debug|Any CPU
		{DAAD6A8D-E65E-4185-9CC2-81812B57591F}.Release|Any CPU.ActiveCfg = Release|Any CPU
		{DAAD6A8D-E65E-4185-9CC2-81812B57591F}.Release|Any CPU.Build.0 = Release|Any CPU
		{E77A1530-A03A-488F-AF47-66CA4A36494E}.Debug|Any CPU.ActiveCfg = Debug|Any CPU
		{E77A1530-A03A-488F-AF47-66CA4A36494E}.Debug|Any CPU.Build.0 = Debug|Any CPU
		{E77A1530-A03A-488F-AF47-66CA4A36494E}.Release|Any CPU.ActiveCfg = Release|Any CPU
		{E77A1530-A03A-488F-AF47-66CA4A36494E}.Release|Any CPU.Build.0 = Release|Any CPU
	EndGlobalSection
EndGlobal
